// !$*UTF8*$!
{
	archiveVersion = 1;
	classes = {
	};
	objectVersion = 48;
	objects = {

/* Begin PBXBuildFile section */
		5744CD4B1FA09C23009F9C4F /* testDefine.c in Sources */ = {isa = PBXBuildFile; fileRef = 5744CD491FA09C23009F9C4F /* testDefine.c */; };
		57816FE31F9E0D850077DE3F /* testStruct.c in Sources */ = {isa = PBXBuildFile; fileRef = 57816FE11F9E0D850077DE3F /* testStruct.c */; };
		57816FE61F9E25A60077DE3F /* testIO.c in Sources */ = {isa = PBXBuildFile; fileRef = 57816FE41F9E25A60077DE3F /* testIO.c */; };
		57816FE91F9E2C320077DE3F /* testFile.c in Sources */ = {isa = PBXBuildFile; fileRef = 57816FE71F9E2C320077DE3F /* testFile.c */; };
		57821CF61F98B3BD000A585B /* main.c in Sources */ = {isa = PBXBuildFile; fileRef = 57821CF51F98B3BD000A585B /* main.c */; };
/* End PBXBuildFile section */

/* Begin PBXCopyFilesBuildPhase section */
		57821CF01F98B3BD000A585B /* CopyFiles */ = {
			isa = PBXCopyFilesBuildPhase;
			buildActionMask = 2147483647;
			dstPath = /usr/share/man/man1/;
			dstSubfolderSpec = 0;
			files = (
			);
			runOnlyForDeploymentPostprocessing = 1;
		};
/* End PBXCopyFilesBuildPhase section */

/* Begin PBXFileReference section */
		5744CD491FA09C23009F9C4F /* testDefine.c */ = {isa = PBXFileReference; lastKnownFileType = sourcecode.c.c; path = testDefine.c; sourceTree = "<group>"; };
		5744CD4A1FA09C23009F9C4F /* testDefine.h */ = {isa = PBXFileReference; lastKnownFileType = sourcecode.c.h; path = testDefine.h; sourceTree = "<group>"; };
		57816FE11F9E0D850077DE3F /* testStruct.c */ = {isa = PBXFileReference; lastKnownFileType = sourcecode.c.c; path = testStruct.c; sourceTree = "<group>"; };
		57816FE21F9E0D850077DE3F /* testStruct.h */ = {isa = PBXFileReference; lastKnownFileType = sourcecode.c.h; path = testStruct.h; sourceTree = "<group>"; };
		57816FE41F9E25A60077DE3F /* testIO.c */ = {isa = PBXFileReference; lastKnownFileType = sourcecode.c.c; path = testIO.c; sourceTree = "<group>"; };
		57816FE51F9E25A60077DE3F /* testIO.h */ = {isa = PBXFileReference; lastKnownFileType = sourcecode.c.h; path = testIO.h; sourceTree = "<group>"; };
		57816FE71F9E2C320077DE3F /* testFile.c */ = {isa = PBXFileReference; lastKnownFileType = sourcecode.c.c; path = testFile.c; sourceTree = "<group>"; };
		57816FE81F9E2C320077DE3F /* testFile.h */ = {isa = PBXFileReference; lastKnownFileType = sourcecode.c.h; path = testFile.h; sourceTree = "<group>"; };
		57821CF21F98B3BD000A585B /* MyFirstCProject */ = {isa = PBXFileReference; explicitFileType = "compiled.mach-o.executable"; includeInIndex = 0; path = MyFirstCProject; sourceTree = BUILT_PRODUCTS_DIR; };
		57821CF51F98B3BD000A585B /* main.c */ = {isa = PBXFileReference; lastKnownFileType = sourcecode.c.c; path = main.c; sourceTree = "<group>"; };
/* End PBXFileReference section */

/* Begin PBXFrameworksBuildPhase section */
		57821CEF1F98B3BD000A585B /* Frameworks */ = {
			isa = PBXFrameworksBuildPhase;
			buildActionMask = 2147483647;
			files = (
			);
			runOnlyForDeploymentPostprocessing = 0;
		};
/* End PBXFrameworksBuildPhase section */

/* Begin PBXGroup section */
		57821CE91F98B3BD000A585B = {
			isa = PBXGroup;
			children = (
				57821CF41F98B3BD000A585B /* MyFirstCProject */,
				57821CF31F98B3BD000A585B /* Products */,
			);
			sourceTree = "<group>";
		};
		57821CF31F98B3BD000A585B /* Products */ = {
			isa = PBXGroup;
			children = (
				57821CF21F98B3BD000A585B /* MyFirstCProject */,
			);
			name = Products;
			sourceTree = "<group>";
		};
		57821CF41F98B3BD000A585B /* MyFirstCProject */ = {
			isa = PBXGroup;
			children = (
				57821CF51F98B3BD000A585B /* main.c */,
				57816FE11F9E0D850077DE3F /* testStruct.c */,
				57816FE21F9E0D850077DE3F /* testStruct.h */,
				57816FE41F9E25A60077DE3F /* testIO.c */,
				57816FE51F9E25A60077DE3F /* testIO.h */,
				57816FE71F9E2C320077DE3F /* testFile.c */,
				57816FE81F9E2C320077DE3F /* testFile.h */,
				5744CD491FA09C23009F9C4F /* testDefine.c */,
				5744CD4A1FA09C23009F9C4F /* testDefine.h */,
			);
			path = MyFirstCProject;
			sourceTree = "<group>";
		};
/* End PBXGroup section */

/* Begin PBXNativeTarget section */
		57821CF11F98B3BD000A585B /* MyFirstCProject */ = {
			isa = PBXNativeTarget;
			buildConfigurationList = 57821CF91F98B3BD000A585B /* Build configuration list for PBXNativeTarget "MyFirstCProject" */;
			buildPhases = (
				57821CEE1F98B3BD000A585B /* Sources */,
				57821CEF1F98B3BD000A585B /* Frameworks */,
				57821CF01F98B3BD000A585B /* CopyFiles */,
			);
			buildRules = (
			);
			dependencies = (
			);
			name = MyFirstCProject;
			productName = MyFirstCProject;
			productReference = 57821CF21F98B3BD000A585B /* MyFirstCProject */;
			productType = "com.apple.product-type.tool";
		};
/* End PBXNativeTarget section */

/* Begin PBXProject section */
		57821CEA1F98B3BD000A585B /* Project object */ = {
			isa = PBXProject;
			attributes = {
				LastUpgradeCheck = 0900;
				ORGANIZATIONNAME = "赵英坤";
				TargetAttributes = {
					57821CF11F98B3BD000A585B = {
						CreatedOnToolsVersion = 9.0;
						ProvisioningStyle = Automatic;
					};
				};
			};
			buildConfigurationList = 57821CED1F98B3BD000A585B /* Build configuration list for PBXProject "MyFirstCProject" */;
			compatibilityVersion = "Xcode 8.0";
			developmentRegion = en;
			hasScannedForEncodings = 0;
			knownRegions = (
				en,
			);
			mainGroup = 57821CE91F98B3BD000A585B;
			productRefGroup = 57821CF31F98B3BD000A585B /* Products */;
			projectDirPath = "";
			projectRoot = "";
			targets = (
				57821CF11F98B3BD000A585B /* MyFirstCProject */,
			);
		};
/* End PBXProject section */

/* Begin PBXSourcesBuildPhase section */
		57821CEE1F98B3BD000A585B /* Sources */ = {
			isa = PBXSourcesBuildPhase;
			buildActionMask = 2147483647;
			files = (
				57816FE31F9E0D850077DE3F /* testStruct.c in Sources */,
				5744CD4B1FA09C23009F9C4F /* testDefine.c in Sources */,
				57821CF61F98B3BD000A585B /* main.c in Sources */,
				57816FE61F9E25A60077DE3F /* testIO.c in Sources */,
				57816FE91F9E2C320077DE3F /* testFile.c in Sources */,
			);
			runOnlyForDeploymentPostprocessing = 0;
		};
/* End PBXSourcesBuildPhase section */

/* Begin XCBuildConfiguration section */
		57821CF71F98B3BD000A585B /* Debug */ = {
			isa = XCBuildConfiguration;
			buildSettings = {
				ALWAYS_SEARCH_USER_PATHS = NO;
				CLANG_ANALYZER_NONNULL = YES;
				CLANG_ANALYZER_NUMBER_OBJECT_CONVERSION = YES_AGGRESSIVE;
				CLANG_CXX_LANGUAGE_STANDARD = "gnu++14";
				CLANG_CXX_LIBRARY = "libc++";
				CLANG_ENABLE_MODULES = YES;
				CLANG_ENABLE_OBJC_ARC = YES;
				CLANG_WARN_BLOCK_CAPTURE_AUTORELEASING = YES;
				CLANG_WARN_BOOL_CONVERSION = YES;
				CLANG_WARN_COMMA = YES;
				CLANG_WARN_CONSTANT_CONVERSION = YES;
				CLANG_WARN_DIRECT_OBJC_ISA_USAGE = YES_ERROR;
				CLANG_WARN_DOCUMENTATION_COMMENTS = YES;
				CLANG_WARN_EMPTY_BODY = YES;
				CLANG_WARN_ENUM_CONVERSION = YES;
				CLANG_WARN_INFINITE_RECURSION = YES;
				CLANG_WARN_INT_CONVERSION = YES;
				CLANG_WARN_NON_LITERAL_NULL_CONVERSION = YES;
				CLANG_WARN_OBJC_LITERAL_CONVERSION = YES;
				CLANG_WARN_OBJC_ROOT_CLASS = YES_ERROR;
				CLANG_WARN_RANGE_LOOP_ANALYSIS = YES;
				CLANG_WARN_STRICT_PROTOTYPES = YES;
				CLANG_WARN_SUSPICIOUS_MOVE = YES;
				CLANG_WARN_UNGUARDED_AVAILABILITY = YES_AGGRESSIVE;
				CLANG_WARN_UNREACHABLE_CODE = YES;
				CLANG_WARN__DUPLICATE_METHOD_MATCH = YES;
				CODE_SIGN_IDENTITY = "-";
				COPY_PHASE_STRIP = NO;
				DEBUG_INFORMATION_FORMAT = dwarf;
				ENABLE_STRICT_OBJC_MSGSEND = YES;
				ENABLE_TESTABILITY = YES;
				GCC_C_LANGUAGE_STANDARD = gnu11;
				GCC_DYNAMIC_NO_PIC = NO;
				GCC_NO_COMMON_BLOCKS = YES;
				GCC_OPTIMIZATION_LEVEL = 0;
				GCC_PREPROCESSOR_DEFINITIONS = (
					"DEBUG=1",
					"$(inherited)",
				);
				GCC_WARN_64_TO_32_BIT_CONVERSION = YES;
				GCC_WARN_ABOUT_RETURN_TYPE = YES_ERROR;
				GCC_WARN_UNDECLARED_SELECTOR = YES;
				GCC_WARN_UNINITIALIZED_AUTOS = YES_AGGRESSIVE;
				GCC_WARN_UNUSED_FUNCTION = YES;
				GCC_WARN_UNUSED_VARIABLE = YES;
				MACOSX_DEPLOYMENT_TARGET = 10.12;
				MTL_ENABLE_DEBUG_INFO = YES;
				ONLY_ACTIVE_ARCH = YES;
				SDKROOT = macosx;
			};
			name = Debug;
		};
		57821CF81F98B3BD000A585B /* Release */ = {
			isa = XCBuildConfiguration;
			buildSettings = {
				ALWAYS_SEARCH_USER_PATHS = NO;
				CLANG_ANALYZER_NONNULL = YES;
				CLANG_ANALYZER_NUMBER_OBJECT_CONVERSION = YES_AGGRESSIVE;
				CLANG_CXX_LANGUAGE_STANDARD = "gnu++14";
				CLANG_CXX_LIBRARY = "libc++";
				CLANG_ENABLE_MODULES = YES;
				CLANG_ENABLE_OBJC_ARC = YES;
				CLANG_WARN_BLOCK_CAPTURE_AUTORELEASING = YES;
				CLANG_WARN_BOOL_CONVERSION = YES;
				CLANG_WARN_COMMA = YES;
				CLANG_WARN_CONSTANT_CONVERSION = YES;
				CLANG_WARN_DIRECT_OBJC_ISA_USAGE = YES_ERROR;
				CLANG_WARN_DOCUMENTATION_COMMENTS = YES;
				CLANG_WARN_EMPTY_BODY = YES;
				CLANG_WARN_ENUM_CONVERSION = YES;
				CLANG_WARN_INFINITE_RECURSION = YES;
				CLANG_WARN_INT_CONVERSION = YES;
				CLANG_WARN_NON_LITERAL_NULL_CONVERSION = YES;
				CLANG_WARN_OBJC_LITERAL_CONVERSION = YES;
				CLANG_WARN_OBJC_ROOT_CLASS = YES_ERROR;
				CLANG_WARN_RANGE_LOOP_ANALYSIS = YES;
				CLANG_WARN_STRICT_PROTOTYPES = YES;
				CLANG_WARN_SUSPICIOUS_MOVE = YES;
				CLANG_WARN_UNGUARDED_AVAILABILITY = YES_AGGRESSIVE;
				CLANG_WARN_UNREACHABLE_CODE = YES;
				CLANG_WARN__DUPLICATE_METHOD_MATCH = YES;
				CODE_SIGN_IDENTITY = "-";
				COPY_PHASE_STRIP = NO;
				DEBUG_INFORMATION_FORMAT = "dwarf-with-dsym";
				ENABLE_NS_ASSERTIONS = NO;
				ENABLE_STRICT_OBJC_MSGSEND = YES;
				GCC_C_LANGUAGE_STANDARD = gnu11;
				GCC_NO_COMMON_BLOCKS = YES;
				GCC_WARN_64_TO_32_BIT_CONVERSION = YES;
				GCC_WARN_ABOUT_RETURN_TYPE = YES_ERROR;
				GCC_WARN_UNDECLARED_SELECTOR = YES;
				GCC_WARN_UNINITIALIZED_AUTOS = YES_AGGRESSIVE;
				GCC_WARN_UNUSED_FUNCTION = YES;
				GCC_WARN_UNUSED_VARIABLE = YES;
				MACOSX_DEPLOYMENT_TARGET = 10.12;
				MTL_ENABLE_DEBUG_INFO = NO;
				SDKROOT = macosx;
			};
			name = Release;
		};
		57821CFA1F98B3BD000A585B /* Debug */ = {
			isa = XCBuildConfiguration;
			buildSettings = {
				CODE_SIGN_STYLE = Automatic;
				PRODUCT_NAME = "$(TARGET_NAME)";
			};
			name = Debug;
		};
		57821CFB1F98B3BD000A585B /* Release */ = {
			isa = XCBuildConfiguration;
			buildSettings = {
				CODE_SIGN_STYLE = Automatic;
				PRODUCT_NAME = "$(TARGET_NAME)";
			};
			name = Release;
		};
/* End XCBuildConfiguration section */

/* Begin XCConfigurationList section */
		57821CED1F98B3BD000A585B /* Build configuration list for PBXProject "MyFirstCProject" */ = {
			isa = XCConfigurationList;
			buildConfigurations = (
				57821CF71F98B3BD000A585B /* Debug */,
				57821CF81F98B3BD000A585B /* Release */,
			);
			defaultConfigurationIsVisible = 0;
			defaultConfigurationName = Release;
		};
		57821CF91F98B3BD000A585B /* Build configuration list for PBXNativeTarget "MyFirstCProject" */ = {
			isa = XCConfigurationList;
			buildConfigurations = (
				57821CFA1F98B3BD000A585B /* Debug */,
				57821CFB1F98B3BD000A585B /* Release */,
			);
			defaultConfigurationIsVisible = 0;
			defaultConfigurationName = Release;
		};
/* End XCConfigurationList section */
	};
	rootObject = 57821CEA1F98B3BD000A585B /* Project object */;
}
